{
    "version": 3,
    "terraform_version": "0.11.13",
    "serial": 7,
    "lineage": "55cf5b88-3ffc-cda7-d600-01b869abe1f9",
    "modules": [
        {
            "path": [
                "root"
            ],
            "outputs": {},
            "resources": {
                "aws_iam_role.diceapp_build": {
                    "type": "aws_iam_role",
                    "depends_on": [],
                    "primary": {
                        "id": "diceapp_build",
                        "attributes": {
                            "arn": "arn:aws:iam::671958020402:role/diceapp_build",
                            "assume_role_policy": "{\"Version\":\"2012-10-17\",\"Statement\":[{\"Effect\":\"Allow\",\"Principal\":{\"Service\":\"codebuild.amazonaws.com\"},\"Action\":\"sts:AssumeRole\"}]}",
                            "create_date": "2019-05-05T15:43:32Z",
                            "description": "",
                            "force_detach_policies": "false",
                            "id": "diceapp_build",
                            "max_session_duration": "3600",
                            "name": "diceapp_build",
                            "path": "/",
                            "tags.%": "0",
                            "unique_id": "AROAZY46RWEZBF7RQQBDI"
                        },
                        "meta": {},
                        "tainted": false
                    },
                    "deposed": [],
                    "provider": "provider.aws"
                },
                "aws_iam_role_policy.diceapp_build": {
                    "type": "aws_iam_role_policy",
                    "depends_on": [
                        "aws_iam_role.diceapp_build",
                        "aws_s3_bucket.dice"
                    ],
                    "primary": {
                        "id": "diceapp_build:terraform-20190505154333168100000001",
                        "attributes": {
                            "id": "diceapp_build:terraform-20190505154333168100000001",
                            "name": "terraform-20190505154333168100000001",
                            "policy": "{\n  \"Version\": \"2012-10-17\",\n  \"Statement\": [\n    {\n      \"Effect\": \"Allow\",\n      \"Resource\": [\n        \"*\"\n      ],\n      \"Action\": [\n        \"logs:CreateLogGroup\",\n        \"logs:CreateLogStream\",\n        \"logs:PutLogEvents\"\n      ]\n    },\n    {\n      \"Effect\": \"Allow\",\n      \"Action\": [\n        \"ec2:CreateNetworkInterface\",\n        \"ec2:DescribeDhcpOptions\",\n        \"ec2:DescribeNetworkInterfaces\",\n        \"ec2:DeleteNetworkInterface\",\n        \"ec2:DescribeSubnets\",\n        \"ec2:DescribeSecurityGroups\",\n        \"ec2:DescribeVpcs\"\n      ],\n      \"Resource\": \"*\"\n    },\n    {\n      \"Effect\": \"Allow\",\n      \"Action\": [\n        \"s3:*\"\n      ],\n      \"Resource\": [\n        \"arn:aws:s3:::dice.john-shenk.com\",\n        \"arn:aws:s3:::dice.john-shenk.com/*\"\n      ]\n    }\n  ]\n}\n",
                            "role": "diceapp_build"
                        },
                        "meta": {},
                        "tainted": false
                    },
                    "deposed": [],
                    "provider": "provider.aws"
                },
                "aws_route53_record.dice": {
                    "type": "aws_route53_record",
                    "depends_on": [
                        "aws_s3_bucket.dice"
                    ],
                    "primary": {
                        "id": "Z3P68RXJ4VECYX_dice.john-shenk.com_A",
                        "attributes": {
                            "alias.#": "1",
                            "alias.496220020.evaluate_target_health": "false",
                            "alias.496220020.name": "s3-website-us-west-1.amazonaws.com",
                            "alias.496220020.zone_id": "Z2F56UZL2M1ACD",
                            "fqdn": "dice.john-shenk.com",
                            "health_check_id": "",
                            "id": "Z3P68RXJ4VECYX_dice.john-shenk.com_A",
                            "name": "dice.john-shenk.com",
                            "records.#": "0",
                            "set_identifier": "",
                            "ttl": "0",
                            "type": "A",
                            "zone_id": "Z3P68RXJ4VECYX"
                        },
                        "meta": {
                            "schema_version": "2"
                        },
                        "tainted": false
                    },
                    "deposed": [],
                    "provider": "provider.aws"
                },
                "aws_s3_bucket.dice": {
                    "type": "aws_s3_bucket",
                    "depends_on": [],
                    "primary": {
                        "id": "dice.john-shenk.com",
                        "attributes": {
                            "acceleration_status": "",
                            "acl": "public-read",
                            "arn": "arn:aws:s3:::dice.john-shenk.com",
                            "bucket": "dice.john-shenk.com",
                            "bucket_domain_name": "dice.john-shenk.com.s3.amazonaws.com",
                            "bucket_regional_domain_name": "dice.john-shenk.com.s3.us-west-1.amazonaws.com",
                            "cors_rule.#": "0",
                            "force_destroy": "false",
                            "hosted_zone_id": "Z2F56UZL2M1ACD",
                            "id": "dice.john-shenk.com",
                            "lifecycle_rule.#": "0",
                            "logging.#": "0",
                            "object_lock_configuration.#": "0",
                            "policy": "{\"Statement\":[{\"Action\":\"s3:GetObject\",\"Effect\":\"Allow\",\"Principal\":\"*\",\"Resource\":\"arn:aws:s3:::dice.john-shenk.com/*\",\"Sid\":\"PublicReadForGetBucketObjects\"}],\"Version\":\"2012-10-17\"}",
                            "region": "us-west-1",
                            "replication_configuration.#": "0",
                            "request_payer": "BucketOwner",
                            "server_side_encryption_configuration.#": "0",
                            "tags.%": "0",
                            "versioning.#": "1",
                            "versioning.0.enabled": "false",
                            "versioning.0.mfa_delete": "false",
                            "website.#": "1",
                            "website.0.error_document": "index.html",
                            "website.0.index_document": "index.html",
                            "website.0.redirect_all_requests_to": "",
                            "website.0.routing_rules": "",
                            "website_domain": "s3-website-us-west-1.amazonaws.com",
                            "website_endpoint": "dice.john-shenk.com.s3-website-us-west-1.amazonaws.com"
                        },
                        "meta": {},
                        "tainted": false
                    },
                    "deposed": [],
                    "provider": "provider.aws"
                }
            },
            "depends_on": []
        }
    ]
}
