{
    "version": 3,
    "terraform_version": "0.11.13",
    "serial": 11,
    "lineage": "55cf5b88-3ffc-cda7-d600-01b869abe1f9",
    "modules": [
        {
            "path": [
                "root"
            ],
            "outputs": {},
            "resources": {
                "aws_codebuild_project.diceapp": {
                    "type": "aws_codebuild_project",
                    "depends_on": [
                        "aws_iam_role.diceapp_build",
                        "aws_s3_bucket.dice"
                    ],
                    "primary": {
                        "id": "arn:aws:codebuild:us-west-1:671958020402:project/diceapp",
                        "attributes": {
                            "arn": "arn:aws:codebuild:us-west-1:671958020402:project/diceapp",
                            "artifacts.#": "1",
                            "artifacts.1178773975.encryption_disabled": "false",
                            "artifacts.1178773975.location": "",
                            "artifacts.1178773975.name": "",
                            "artifacts.1178773975.namespace_type": "",
                            "artifacts.1178773975.packaging": "",
                            "artifacts.1178773975.path": "",
                            "artifacts.1178773975.type": "NO_ARTIFACTS",
                            "badge_enabled": "false",
                            "badge_url": "",
                            "build_timeout": "5",
                            "cache.#": "1",
                            "cache.0.location": "dice.john-shenk.com",
                            "cache.0.type": "S3",
                            "description": "diceapp",
                            "encryption_key": "arn:aws:kms:us-west-1:671958020402:alias/aws/s3",
                            "environment.#": "1",
                            "environment.3306535341.certificate": "",
                            "environment.3306535341.compute_type": "BUILD_GENERAL1_SMALL",
                            "environment.3306535341.environment_variable.#": "0",
                            "environment.3306535341.image": "aws/codebuild/standard:2.0",
                            "environment.3306535341.image_pull_credentials_type": "CODEBUILD",
                            "environment.3306535341.privileged_mode": "false",
                            "environment.3306535341.type": "LINUX_CONTAINER",
                            "id": "arn:aws:codebuild:us-west-1:671958020402:project/diceapp",
                            "name": "diceapp",
                            "secondary_artifacts.#": "0",
                            "secondary_sources.#": "0",
                            "service_role": "arn:aws:iam::671958020402:role/diceapp_build",
                            "source.#": "1",
                            "source.759498329.auth.#": "0",
                            "source.759498329.buildspec": "",
                            "source.759498329.git_clone_depth": "1",
                            "source.759498329.insecure_ssl": "false",
                            "source.759498329.location": "https://github.com/stinkyfingers/diceapp.git",
                            "source.759498329.report_build_status": "false",
                            "source.759498329.type": "GITHUB",
                            "tags.%": "1",
                            "tags.Environment": "Prod",
                            "vpc_config.#": "0"
                        },
                        "meta": {},
                        "tainted": false
                    },
                    "deposed": [],
                    "provider": "provider.aws"
                },
                "aws_codebuild_webhook.diceapp": {
                    "type": "aws_codebuild_webhook",
                    "depends_on": [
                        "aws_codebuild_project.diceapp"
                    ],
                    "primary": {
                        "id": "diceapp",
                        "attributes": {
                            "branch_filter": "",
                            "id": "diceapp",
                            "payload_url": "https://codebuild.us-west-1.amazonaws.com/webhooks?t=eyJlbmNyeXB0ZWREYXRhIjoiY0RCN1RRQ3duWkZMZnBlaHYyYzZvNWRJRXJqOUZKY0V6NlZ4VXVlNFVMcWhmQ1VLenJnc2VFM01BUHFuR0g3SnFRanZpQUU1NGt3d3pXMG5mdy8wWnQ4PSIsIml2UGFyYW1ldGVyU3BlYyI6IjRsc0JOQ0NBUVE1NHVrYnoiLCJtYXRlcmlhbFNldFNlcmlhbCI6MX0%3D\u0026v=1",
                            "project_name": "diceapp",
                            "secret": "",
                            "url": "https://api.github.com/repos/stinkyfingers/diceapp/hooks/107458717"
                        },
                        "meta": {},
                        "tainted": false
                    },
                    "deposed": [],
                    "provider": "provider.aws"
                },
                "aws_iam_role.diceapp_build": {
                    "type": "aws_iam_role",
                    "depends_on": [],
                    "primary": {
                        "id": "diceapp_build",
                        "attributes": {
                            "arn": "arn:aws:iam::671958020402:role/diceapp_build",
                            "assume_role_policy": "{\"Version\":\"2012-10-17\",\"Statement\":[{\"Effect\":\"Allow\",\"Principal\":{\"Service\":\"codebuild.amazonaws.com\"},\"Action\":\"sts:AssumeRole\"}]}",
                            "create_date": "2019-05-05T15:43:32Z",
                            "description": "",
                            "force_detach_policies": "false",
                            "id": "diceapp_build",
                            "max_session_duration": "3600",
                            "name": "diceapp_build",
                            "path": "/",
                            "tags.%": "0",
                            "unique_id": "AROAZY46RWEZBF7RQQBDI"
                        },
                        "meta": {},
                        "tainted": false
                    },
                    "deposed": [],
                    "provider": "provider.aws"
                },
                "aws_iam_role_policy.diceapp_build": {
                    "type": "aws_iam_role_policy",
                    "depends_on": [
                        "aws_iam_role.diceapp_build",
                        "aws_s3_bucket.dice"
                    ],
                    "primary": {
                        "id": "diceapp_build:terraform-20190505154333168100000001",
                        "attributes": {
                            "id": "diceapp_build:terraform-20190505154333168100000001",
                            "name": "terraform-20190505154333168100000001",
                            "policy": "{\n  \"Version\": \"2012-10-17\",\n  \"Statement\": [\n    {\n      \"Effect\": \"Allow\",\n      \"Resource\": [\n        \"*\"\n      ],\n      \"Action\": [\n        \"logs:CreateLogGroup\",\n        \"logs:CreateLogStream\",\n        \"logs:PutLogEvents\"\n      ]\n    },\n    {\n      \"Effect\": \"Allow\",\n      \"Action\": [\n        \"ec2:CreateNetworkInterface\",\n        \"ec2:DescribeDhcpOptions\",\n        \"ec2:DescribeNetworkInterfaces\",\n        \"ec2:DeleteNetworkInterface\",\n        \"ec2:DescribeSubnets\",\n        \"ec2:DescribeSecurityGroups\",\n        \"ec2:DescribeVpcs\"\n      ],\n      \"Resource\": \"*\"\n    },\n    {\n      \"Effect\": \"Allow\",\n      \"Action\": [\n        \"s3:*\"\n      ],\n      \"Resource\": [\n        \"arn:aws:s3:::dice.john-shenk.com\",\n        \"arn:aws:s3:::dice.john-shenk.com/*\"\n      ]\n    }\n  ]\n}\n",
                            "role": "diceapp_build"
                        },
                        "meta": {},
                        "tainted": false
                    },
                    "deposed": [],
                    "provider": "provider.aws"
                },
                "aws_route53_record.dice": {
                    "type": "aws_route53_record",
                    "depends_on": [
                        "aws_s3_bucket.dice"
                    ],
                    "primary": {
                        "id": "Z3P68RXJ4VECYX_dice.john-shenk.com_A",
                        "attributes": {
                            "alias.#": "1",
                            "alias.496220020.evaluate_target_health": "false",
                            "alias.496220020.name": "s3-website-us-west-1.amazonaws.com",
                            "alias.496220020.zone_id": "Z2F56UZL2M1ACD",
                            "fqdn": "dice.john-shenk.com",
                            "health_check_id": "",
                            "id": "Z3P68RXJ4VECYX_dice.john-shenk.com_A",
                            "name": "dice.john-shenk.com",
                            "records.#": "0",
                            "set_identifier": "",
                            "ttl": "0",
                            "type": "A",
                            "zone_id": "Z3P68RXJ4VECYX"
                        },
                        "meta": {
                            "schema_version": "2"
                        },
                        "tainted": false
                    },
                    "deposed": [],
                    "provider": "provider.aws"
                },
                "aws_s3_bucket.dice": {
                    "type": "aws_s3_bucket",
                    "depends_on": [],
                    "primary": {
                        "id": "dice.john-shenk.com",
                        "attributes": {
                            "acceleration_status": "",
                            "acl": "public-read",
                            "arn": "arn:aws:s3:::dice.john-shenk.com",
                            "bucket": "dice.john-shenk.com",
                            "bucket_domain_name": "dice.john-shenk.com.s3.amazonaws.com",
                            "bucket_regional_domain_name": "dice.john-shenk.com.s3.us-west-1.amazonaws.com",
                            "cors_rule.#": "0",
                            "force_destroy": "false",
                            "hosted_zone_id": "Z2F56UZL2M1ACD",
                            "id": "dice.john-shenk.com",
                            "lifecycle_rule.#": "0",
                            "logging.#": "0",
                            "object_lock_configuration.#": "0",
                            "policy": "{\"Statement\":[{\"Action\":\"s3:GetObject\",\"Effect\":\"Allow\",\"Principal\":\"*\",\"Resource\":\"arn:aws:s3:::dice.john-shenk.com/*\",\"Sid\":\"PublicReadForGetBucketObjects\"}],\"Version\":\"2012-10-17\"}",
                            "region": "us-west-1",
                            "replication_configuration.#": "0",
                            "request_payer": "BucketOwner",
                            "server_side_encryption_configuration.#": "0",
                            "tags.%": "0",
                            "versioning.#": "1",
                            "versioning.0.enabled": "false",
                            "versioning.0.mfa_delete": "false",
                            "website.#": "1",
                            "website.0.error_document": "index.html",
                            "website.0.index_document": "index.html",
                            "website.0.redirect_all_requests_to": "",
                            "website.0.routing_rules": "",
                            "website_domain": "s3-website-us-west-1.amazonaws.com",
                            "website_endpoint": "dice.john-shenk.com.s3-website-us-west-1.amazonaws.com"
                        },
                        "meta": {},
                        "tainted": false
                    },
                    "deposed": [],
                    "provider": "provider.aws"
                }
            },
            "depends_on": []
        }
    ]
}
